
Microsoft Visual Studio Solution File, Format Version 12.00
# Visual Studio Version 17
VisualStudioVersion = 17.7.34221.43
MinimumVisualStudioVersion = 10.0.40219.1
Project("{2150E333-8FDC-42A3-9474-1A3956D46DE8}") = "Solution Items", "Solution Items", "{44EA7805-F94D-4681-AE3F-F9C6622DB8CF}"
	ProjectSection(SolutionItems) = preProject
		Solution Items\Disclaimer.txt = Solution Items\Disclaimer.txt
		README.md = README.md
		Solution Items\SolutionAssemblyInfo.cs = Solution Items\SolutionAssemblyInfo.cs
	EndProjectSection
EndProject
Project("{FAE04EC0-301F-11D3-BF4B-00C04F79EFBC}") = "POCOGenerator", "POCOGenerator\POCOGenerator.csproj", "{8E9F1307-4DAD-4F02-97F0-C0BCE59B1B86}"
EndProject
Project("{2150E333-8FDC-42A3-9474-1A3956D46DE8}") = "Demos", "Demos", "{17F0A88F-B277-4EC6-9B82-943331DCC804}"
EndProject
Project("{2150E333-8FDC-42A3-9474-1A3956D46DE8}") = "Console", "Console", "{8AFDCBC0-4DBE-4C72-A059-5CC60381015B}"
EndProject
Project("{2150E333-8FDC-42A3-9474-1A3956D46DE8}") = "Events", "Events", "{79520FF1-E06A-4B25-AF57-6EA99C9688AF}"
EndProject
Project("{2150E333-8FDC-42A3-9474-1A3956D46DE8}") = "GeneratePOCOs", "GeneratePOCOs", "{2E4F6DA4-908F-4DD3-85FB-BC5447213594}"
EndProject
Project("{2150E333-8FDC-42A3-9474-1A3956D46DE8}") = "SelectingObjects", "SelectingObjects", "{8452C024-893A-4876-8EE9-0EED265023B4}"
EndProject
Project("{2150E333-8FDC-42A3-9474-1A3956D46DE8}") = "ServerTree", "ServerTree", "{B5934ED9-1AE4-4BFA-9F96-BFA91087CE1C}"
EndProject
Project("{2150E333-8FDC-42A3-9474-1A3956D46DE8}") = "Stream", "Stream", "{2B6EF043-9550-4D9C-A661-89103122E816}"
EndProject
Project("{2150E333-8FDC-42A3-9474-1A3956D46DE8}") = "Text", "Text", "{1E4C9604-78EF-4142-95D6-0E54D19E955B}"
EndProject
Project("{2150E333-8FDC-42A3-9474-1A3956D46DE8}") = "RichTextBox", "RichTextBox", "{D4E1E196-880B-4FBE-97BE-C848E3CFBEFC}"
EndProject
Project("{FAE04EC0-301F-11D3-BF4B-00C04F79EFBC}") = "ConsoleColorDarkThemeDemo", "Demos\Console\ConsoleColorDarkThemeDemo\ConsoleColorDarkThemeDemo.csproj", "{53935680-0C8C-4258-BF92-BBBB1C1F21D6}"
EndProject
Project("{FAE04EC0-301F-11D3-BF4B-00C04F79EFBC}") = "ConsoleColorDemo", "Demos\Console\ConsoleColorDemo\ConsoleColorDemo.csproj", "{AE066629-0C8B-4D81-9D33-D567D01D388F}"
EndProject
Project("{FAE04EC0-301F-11D3-BF4B-00C04F79EFBC}") = "ConsoleDemo", "Demos\Console\ConsoleDemo\ConsoleDemo.csproj", "{4F507183-8BEF-44DC-98EC-0EDC1B8280A8}"
EndProject
Project("{FAE04EC0-301F-11D3-BF4B-00C04F79EFBC}") = "EventsDemo", "Demos\Events\EventsDemo\EventsDemo.csproj", "{86A84EC2-6C92-4861-B1D3-07AF0A509AD7}"
EndProject
Project("{FAE04EC0-301F-11D3-BF4B-00C04F79EFBC}") = "MultipleFilesDemo", "Demos\Events\MultipleFilesDemo\MultipleFilesDemo.csproj", "{D5D135CA-D5FA-4BFC-A878-FC2370B4541A}"
EndProject
Project("{FAE04EC0-301F-11D3-BF4B-00C04F79EFBC}") = "GeneratePOCOsDemo", "Demos\GeneratePOCOs\GeneratePOCOsDemo\GeneratePOCOsDemo.csproj", "{7FA69253-E846-4D5B-BCC0-817A21F69327}"
EndProject
Project("{FAE04EC0-301F-11D3-BF4B-00C04F79EFBC}") = "SelectingObjectsDemo", "Demos\SelectingObjects\SelectingObjectsDemo\SelectingObjectsDemo.csproj", "{F692826F-B6F8-4376-8FF2-14C9DE55DC8A}"
EndProject
Project("{FAE04EC0-301F-11D3-BF4B-00C04F79EFBC}") = "SkipAndStopDemo", "Demos\SelectingObjects\SkipAndStopDemo\SkipAndStopDemo.csproj", "{4818A76A-D9B2-4109-B731-F2352B654324}"
EndProject
Project("{FAE04EC0-301F-11D3-BF4B-00C04F79EFBC}") = "WildcardsDemo", "Demos\SelectingObjects\WildcardsDemo\WildcardsDemo.csproj", "{EF62A907-016C-4888-A273-2C76D0C00012}"
EndProject
Project("{FAE04EC0-301F-11D3-BF4B-00C04F79EFBC}") = "DetailedServerTreeDemo", "Demos\ServerTree\DetailedServerTreeDemo\DetailedServerTreeDemo.csproj", "{1FA0F83F-22A0-4A04-BFFB-9926FDABDB56}"
EndProject
Project("{FAE04EC0-301F-11D3-BF4B-00C04F79EFBC}") = "ServerTreeDemo", "Demos\ServerTree\ServerTreeDemo\ServerTreeDemo.csproj", "{64351756-7532-4402-B882-75AB3309D8C8}"
EndProject
Project("{FAE04EC0-301F-11D3-BF4B-00C04F79EFBC}") = "FileStreamDemo", "Demos\Stream\FileStreamDemo\FileStreamDemo.csproj", "{C0B6AB15-A9DC-4D6D-848F-EFDD15ECCC7B}"
EndProject
Project("{FAE04EC0-301F-11D3-BF4B-00C04F79EFBC}") = "MemoryStreamDemo", "Demos\Stream\MemoryStreamDemo\MemoryStreamDemo.csproj", "{3D7F33E6-848F-4D6E-8108-ED894219F534}"
EndProject
Project("{FAE04EC0-301F-11D3-BF4B-00C04F79EFBC}") = "StringBuilderDemo", "Demos\Text\StringBuilderDemo\StringBuilderDemo.csproj", "{461FC508-CBD5-48FD-AEDB-28D667126924}"
EndProject
Project("{FAE04EC0-301F-11D3-BF4B-00C04F79EFBC}") = "TextWriterDemo", "Demos\Text\TextWriterDemo\TextWriterDemo.csproj", "{4E5EE695-498A-4E5E-A002-91B3B027D667}"
EndProject
Project("{FAE04EC0-301F-11D3-BF4B-00C04F79EFBC}") = "RichTextBoxDemo", "Demos\RichTextBox\RichTextBoxDemo\RichTextBoxDemo.csproj", "{9E561CAC-5E32-4734-B678-16CE057265E1}"
EndProject
Project("{FAE04EC0-301F-11D3-BF4B-00C04F79EFBC}") = "POCOGeneratorUI", "POCOGeneratorUI\POCOGeneratorUI.csproj", "{F2483CED-6566-4762-99B5-069E777B8A56}"
EndProject
Project("{FAE04EC0-301F-11D3-BF4B-00C04F79EFBC}") = "POCOGenerator.DbObjects", "POCOGenerator.DbObjects\POCOGenerator.DbObjects.csproj", "{A5523067-8ED9-4ECC-BB40-37835890F193}"
EndProject
Project("{FAE04EC0-301F-11D3-BF4B-00C04F79EFBC}") = "POCOGenerator.Db", "POCOGenerator.Db\POCOGenerator.Db.csproj", "{23B91F6A-9A25-47CE-8EE3-62C0F99750DD}"
EndProject
Project("{FAE04EC0-301F-11D3-BF4B-00C04F79EFBC}") = "POCOGenerator.DbFactories", "POCOGenerator.DbFactories\POCOGenerator.DbFactories.csproj", "{C303C478-61F6-47D0-B01E-7F3B92523682}"
EndProject
Project("{FAE04EC0-301F-11D3-BF4B-00C04F79EFBC}") = "POCOGenerator.DbHandlers", "POCOGenerator.DbHandlers\POCOGenerator.DbHandlers.csproj", "{1CC551E8-D88B-404F-A15D-25C3A590D15B}"
EndProject
Project("{FAE04EC0-301F-11D3-BF4B-00C04F79EFBC}") = "POCOGenerator.MySQL", "POCOGenerator.MySQL\POCOGenerator.MySQL.csproj", "{AAFFAE64-9956-41E9-8906-A1E7C0E350F7}"
EndProject
Project("{FAE04EC0-301F-11D3-BF4B-00C04F79EFBC}") = "POCOGenerator.POCOIterators", "POCOGenerator.POCOIterators\POCOGenerator.POCOIterators.csproj", "{3E933ECE-6386-4B0B-8335-AB0E46BC06EC}"
EndProject
Project("{FAE04EC0-301F-11D3-BF4B-00C04F79EFBC}") = "POCOGenerator.POCOWriters", "POCOGenerator.POCOWriters\POCOGenerator.POCOWriters.csproj", "{C80D4EA0-C70A-4F47-B1CD-00E9231196C9}"
EndProject
Project("{FAE04EC0-301F-11D3-BF4B-00C04F79EFBC}") = "POCOGenerator.SQLServer", "POCOGenerator.SQLServer\POCOGenerator.SQLServer.csproj", "{72C68B48-8903-4C5E-A464-29FD45F3CB3B}"
EndProject
Project("{FAE04EC0-301F-11D3-BF4B-00C04F79EFBC}") = "POCOGenerator.Utils", "POCOGenerator.Utils\POCOGenerator.Utils.csproj", "{74E97281-C6CE-4241-A201-F3A8CA566A0E}"
EndProject
Project("{FAE04EC0-301F-11D3-BF4B-00C04F79EFBC}") = "NavigationPropertiesDemo", "Demos\ServerTree\NavigationPropertiesDemo\NavigationPropertiesDemo.csproj", "{0D76D75D-1D22-4F25-9082-A598F9CA6B4F}"
EndProject
Project("{FAE04EC0-301F-11D3-BF4B-00C04F79EFBC}") = "ComplexTypesDemo", "Demos\GeneratePOCOs\ComplexTypesDemo\ComplexTypesDemo.csproj", "{7585CD83-7D6E-4D7E-B0BE-037137EB60DB}"
EndProject
Project("{2150E333-8FDC-42A3-9474-1A3956D46DE8}") = "Images", "Images", "{177A5F2F-A12D-4C55-A06F-70B5C9AF18F7}"
	ProjectSection(SolutionItems) = preProject
		Solution Items\Images\ClassNameSettings.jpg = Solution Items\Images\ClassNameSettings.jpg
		Solution Items\Images\EFAnnotationsSettings.jpg = Solution Items\Images\EFAnnotationsSettings.jpg
		Solution Items\Images\ExportToFilesSettings.jpg = Solution Items\Images\ExportToFilesSettings.jpg
		Solution Items\Images\FilterSettings.jpg = Solution Items\Images\FilterSettings.jpg
		Solution Items\Images\NavigationPropertiesSettings.jpg = Solution Items\Images\NavigationPropertiesSettings.jpg
		Solution Items\Images\PersonTableAndPOCO.jpg = Solution Items\Images\PersonTableAndPOCO.jpg
		Solution Items\Images\POCOGeneratorUI.jpg = Solution Items\Images\POCOGeneratorUI.jpg
		Solution Items\Images\POCOSettings.jpg = Solution Items\Images\POCOSettings.jpg
		Solution Items\Images\TableContextMenu.jpg = Solution Items\Images\TableContextMenu.jpg
	EndProjectSection
EndProject
Global
	GlobalSection(SolutionConfigurationPlatforms) = preSolution
		Debug|Any CPU = Debug|Any CPU
		Release|Any CPU = Release|Any CPU
	EndGlobalSection
	GlobalSection(ProjectConfigurationPlatforms) = postSolution
		{8E9F1307-4DAD-4F02-97F0-C0BCE59B1B86}.Debug|Any CPU.ActiveCfg = Debug|Any CPU
		{8E9F1307-4DAD-4F02-97F0-C0BCE59B1B86}.Debug|Any CPU.Build.0 = Debug|Any CPU
		{8E9F1307-4DAD-4F02-97F0-C0BCE59B1B86}.Release|Any CPU.ActiveCfg = Release|Any CPU
		{8E9F1307-4DAD-4F02-97F0-C0BCE59B1B86}.Release|Any CPU.Build.0 = Release|Any CPU
		{53935680-0C8C-4258-BF92-BBBB1C1F21D6}.Debug|Any CPU.ActiveCfg = Debug|Any CPU
		{53935680-0C8C-4258-BF92-BBBB1C1F21D6}.Debug|Any CPU.Build.0 = Debug|Any CPU
		{53935680-0C8C-4258-BF92-BBBB1C1F21D6}.Release|Any CPU.ActiveCfg = Release|Any CPU
		{53935680-0C8C-4258-BF92-BBBB1C1F21D6}.Release|Any CPU.Build.0 = Release|Any CPU
		{AE066629-0C8B-4D81-9D33-D567D01D388F}.Debug|Any CPU.ActiveCfg = Debug|Any CPU
		{AE066629-0C8B-4D81-9D33-D567D01D388F}.Debug|Any CPU.Build.0 = Debug|Any CPU
		{AE066629-0C8B-4D81-9D33-D567D01D388F}.Release|Any CPU.ActiveCfg = Release|Any CPU
		{AE066629-0C8B-4D81-9D33-D567D01D388F}.Release|Any CPU.Build.0 = Release|Any CPU
		{4F507183-8BEF-44DC-98EC-0EDC1B8280A8}.Debug|Any CPU.ActiveCfg = Debug|Any CPU
		{4F507183-8BEF-44DC-98EC-0EDC1B8280A8}.Debug|Any CPU.Build.0 = Debug|Any CPU
		{4F507183-8BEF-44DC-98EC-0EDC1B8280A8}.Release|Any CPU.ActiveCfg = Release|Any CPU
		{4F507183-8BEF-44DC-98EC-0EDC1B8280A8}.Release|Any CPU.Build.0 = Release|Any CPU
		{86A84EC2-6C92-4861-B1D3-07AF0A509AD7}.Debug|Any CPU.ActiveCfg = Debug|Any CPU
		{86A84EC2-6C92-4861-B1D3-07AF0A509AD7}.Debug|Any CPU.Build.0 = Debug|Any CPU
		{86A84EC2-6C92-4861-B1D3-07AF0A509AD7}.Release|Any CPU.ActiveCfg = Release|Any CPU
		{86A84EC2-6C92-4861-B1D3-07AF0A509AD7}.Release|Any CPU.Build.0 = Release|Any CPU
		{D5D135CA-D5FA-4BFC-A878-FC2370B4541A}.Debug|Any CPU.ActiveCfg = Debug|Any CPU
		{D5D135CA-D5FA-4BFC-A878-FC2370B4541A}.Debug|Any CPU.Build.0 = Debug|Any CPU
		{D5D135CA-D5FA-4BFC-A878-FC2370B4541A}.Release|Any CPU.ActiveCfg = Release|Any CPU
		{D5D135CA-D5FA-4BFC-A878-FC2370B4541A}.Release|Any CPU.Build.0 = Release|Any CPU
		{7FA69253-E846-4D5B-BCC0-817A21F69327}.Debug|Any CPU.ActiveCfg = Debug|Any CPU
		{7FA69253-E846-4D5B-BCC0-817A21F69327}.Debug|Any CPU.Build.0 = Debug|Any CPU
		{7FA69253-E846-4D5B-BCC0-817A21F69327}.Release|Any CPU.ActiveCfg = Release|Any CPU
		{7FA69253-E846-4D5B-BCC0-817A21F69327}.Release|Any CPU.Build.0 = Release|Any CPU
		{F692826F-B6F8-4376-8FF2-14C9DE55DC8A}.Debug|Any CPU.ActiveCfg = Debug|Any CPU
		{F692826F-B6F8-4376-8FF2-14C9DE55DC8A}.Debug|Any CPU.Build.0 = Debug|Any CPU
		{F692826F-B6F8-4376-8FF2-14C9DE55DC8A}.Release|Any CPU.ActiveCfg = Release|Any CPU
		{F692826F-B6F8-4376-8FF2-14C9DE55DC8A}.Release|Any CPU.Build.0 = Release|Any CPU
		{4818A76A-D9B2-4109-B731-F2352B654324}.Debug|Any CPU.ActiveCfg = Debug|Any CPU
		{4818A76A-D9B2-4109-B731-F2352B654324}.Debug|Any CPU.Build.0 = Debug|Any CPU
		{4818A76A-D9B2-4109-B731-F2352B654324}.Release|Any CPU.ActiveCfg = Release|Any CPU
		{4818A76A-D9B2-4109-B731-F2352B654324}.Release|Any CPU.Build.0 = Release|Any CPU
		{EF62A907-016C-4888-A273-2C76D0C00012}.Debug|Any CPU.ActiveCfg = Debug|Any CPU
		{EF62A907-016C-4888-A273-2C76D0C00012}.Debug|Any CPU.Build.0 = Debug|Any CPU
		{EF62A907-016C-4888-A273-2C76D0C00012}.Release|Any CPU.ActiveCfg = Release|Any CPU
		{EF62A907-016C-4888-A273-2C76D0C00012}.Release|Any CPU.Build.0 = Release|Any CPU
		{1FA0F83F-22A0-4A04-BFFB-9926FDABDB56}.Debug|Any CPU.ActiveCfg = Debug|Any CPU
		{1FA0F83F-22A0-4A04-BFFB-9926FDABDB56}.Debug|Any CPU.Build.0 = Debug|Any CPU
		{1FA0F83F-22A0-4A04-BFFB-9926FDABDB56}.Release|Any CPU.ActiveCfg = Release|Any CPU
		{1FA0F83F-22A0-4A04-BFFB-9926FDABDB56}.Release|Any CPU.Build.0 = Release|Any CPU
		{64351756-7532-4402-B882-75AB3309D8C8}.Debug|Any CPU.ActiveCfg = Debug|Any CPU
		{64351756-7532-4402-B882-75AB3309D8C8}.Debug|Any CPU.Build.0 = Debug|Any CPU
		{64351756-7532-4402-B882-75AB3309D8C8}.Release|Any CPU.ActiveCfg = Release|Any CPU
		{64351756-7532-4402-B882-75AB3309D8C8}.Release|Any CPU.Build.0 = Release|Any CPU
		{C0B6AB15-A9DC-4D6D-848F-EFDD15ECCC7B}.Debug|Any CPU.ActiveCfg = Debug|Any CPU
		{C0B6AB15-A9DC-4D6D-848F-EFDD15ECCC7B}.Debug|Any CPU.Build.0 = Debug|Any CPU
		{C0B6AB15-A9DC-4D6D-848F-EFDD15ECCC7B}.Release|Any CPU.ActiveCfg = Release|Any CPU
		{C0B6AB15-A9DC-4D6D-848F-EFDD15ECCC7B}.Release|Any CPU.Build.0 = Release|Any CPU
		{3D7F33E6-848F-4D6E-8108-ED894219F534}.Debug|Any CPU.ActiveCfg = Debug|Any CPU
		{3D7F33E6-848F-4D6E-8108-ED894219F534}.Debug|Any CPU.Build.0 = Debug|Any CPU
		{3D7F33E6-848F-4D6E-8108-ED894219F534}.Release|Any CPU.ActiveCfg = Release|Any CPU
		{3D7F33E6-848F-4D6E-8108-ED894219F534}.Release|Any CPU.Build.0 = Release|Any CPU
		{461FC508-CBD5-48FD-AEDB-28D667126924}.Debug|Any CPU.ActiveCfg = Debug|Any CPU
		{461FC508-CBD5-48FD-AEDB-28D667126924}.Debug|Any CPU.Build.0 = Debug|Any CPU
		{461FC508-CBD5-48FD-AEDB-28D667126924}.Release|Any CPU.ActiveCfg = Release|Any CPU
		{461FC508-CBD5-48FD-AEDB-28D667126924}.Release|Any CPU.Build.0 = Release|Any CPU
		{4E5EE695-498A-4E5E-A002-91B3B027D667}.Debug|Any CPU.ActiveCfg = Debug|Any CPU
		{4E5EE695-498A-4E5E-A002-91B3B027D667}.Debug|Any CPU.Build.0 = Debug|Any CPU
		{4E5EE695-498A-4E5E-A002-91B3B027D667}.Release|Any CPU.ActiveCfg = Release|Any CPU
		{4E5EE695-498A-4E5E-A002-91B3B027D667}.Release|Any CPU.Build.0 = Release|Any CPU
		{9E561CAC-5E32-4734-B678-16CE057265E1}.Debug|Any CPU.ActiveCfg = Debug|Any CPU
		{9E561CAC-5E32-4734-B678-16CE057265E1}.Debug|Any CPU.Build.0 = Debug|Any CPU
		{9E561CAC-5E32-4734-B678-16CE057265E1}.Release|Any CPU.ActiveCfg = Release|Any CPU
		{9E561CAC-5E32-4734-B678-16CE057265E1}.Release|Any CPU.Build.0 = Release|Any CPU
		{F2483CED-6566-4762-99B5-069E777B8A56}.Debug|Any CPU.ActiveCfg = Debug|Any CPU
		{F2483CED-6566-4762-99B5-069E777B8A56}.Debug|Any CPU.Build.0 = Debug|Any CPU
		{F2483CED-6566-4762-99B5-069E777B8A56}.Release|Any CPU.ActiveCfg = Release|Any CPU
		{F2483CED-6566-4762-99B5-069E777B8A56}.Release|Any CPU.Build.0 = Release|Any CPU
		{A5523067-8ED9-4ECC-BB40-37835890F193}.Debug|Any CPU.ActiveCfg = Debug|Any CPU
		{A5523067-8ED9-4ECC-BB40-37835890F193}.Debug|Any CPU.Build.0 = Debug|Any CPU
		{A5523067-8ED9-4ECC-BB40-37835890F193}.Release|Any CPU.ActiveCfg = Release|Any CPU
		{A5523067-8ED9-4ECC-BB40-37835890F193}.Release|Any CPU.Build.0 = Release|Any CPU
		{23B91F6A-9A25-47CE-8EE3-62C0F99750DD}.Debug|Any CPU.ActiveCfg = Debug|Any CPU
		{23B91F6A-9A25-47CE-8EE3-62C0F99750DD}.Debug|Any CPU.Build.0 = Debug|Any CPU
		{23B91F6A-9A25-47CE-8EE3-62C0F99750DD}.Release|Any CPU.ActiveCfg = Release|Any CPU
		{23B91F6A-9A25-47CE-8EE3-62C0F99750DD}.Release|Any CPU.Build.0 = Release|Any CPU
		{C303C478-61F6-47D0-B01E-7F3B92523682}.Debug|Any CPU.ActiveCfg = Debug|Any CPU
		{C303C478-61F6-47D0-B01E-7F3B92523682}.Debug|Any CPU.Build.0 = Debug|Any CPU
		{C303C478-61F6-47D0-B01E-7F3B92523682}.Release|Any CPU.ActiveCfg = Release|Any CPU
		{C303C478-61F6-47D0-B01E-7F3B92523682}.Release|Any CPU.Build.0 = Release|Any CPU
		{1CC551E8-D88B-404F-A15D-25C3A590D15B}.Debug|Any CPU.ActiveCfg = Debug|Any CPU
		{1CC551E8-D88B-404F-A15D-25C3A590D15B}.Debug|Any CPU.Build.0 = Debug|Any CPU
		{1CC551E8-D88B-404F-A15D-25C3A590D15B}.Release|Any CPU.ActiveCfg = Release|Any CPU
		{1CC551E8-D88B-404F-A15D-25C3A590D15B}.Release|Any CPU.Build.0 = Release|Any CPU
		{AAFFAE64-9956-41E9-8906-A1E7C0E350F7}.Debug|Any CPU.ActiveCfg = Debug|Any CPU
		{AAFFAE64-9956-41E9-8906-A1E7C0E350F7}.Debug|Any CPU.Build.0 = Debug|Any CPU
		{AAFFAE64-9956-41E9-8906-A1E7C0E350F7}.Release|Any CPU.ActiveCfg = Release|Any CPU
		{AAFFAE64-9956-41E9-8906-A1E7C0E350F7}.Release|Any CPU.Build.0 = Release|Any CPU
		{3E933ECE-6386-4B0B-8335-AB0E46BC06EC}.Debug|Any CPU.ActiveCfg = Debug|Any CPU
		{3E933ECE-6386-4B0B-8335-AB0E46BC06EC}.Debug|Any CPU.Build.0 = Debug|Any CPU
		{3E933ECE-6386-4B0B-8335-AB0E46BC06EC}.Release|Any CPU.ActiveCfg = Release|Any CPU
		{3E933ECE-6386-4B0B-8335-AB0E46BC06EC}.Release|Any CPU.Build.0 = Release|Any CPU
		{C80D4EA0-C70A-4F47-B1CD-00E9231196C9}.Debug|Any CPU.ActiveCfg = Debug|Any CPU
		{C80D4EA0-C70A-4F47-B1CD-00E9231196C9}.Debug|Any CPU.Build.0 = Debug|Any CPU
		{C80D4EA0-C70A-4F47-B1CD-00E9231196C9}.Release|Any CPU.ActiveCfg = Release|Any CPU
		{C80D4EA0-C70A-4F47-B1CD-00E9231196C9}.Release|Any CPU.Build.0 = Release|Any CPU
		{72C68B48-8903-4C5E-A464-29FD45F3CB3B}.Debug|Any CPU.ActiveCfg = Debug|Any CPU
		{72C68B48-8903-4C5E-A464-29FD45F3CB3B}.Debug|Any CPU.Build.0 = Debug|Any CPU
		{72C68B48-8903-4C5E-A464-29FD45F3CB3B}.Release|Any CPU.ActiveCfg = Release|Any CPU
		{72C68B48-8903-4C5E-A464-29FD45F3CB3B}.Release|Any CPU.Build.0 = Release|Any CPU
		{74E97281-C6CE-4241-A201-F3A8CA566A0E}.Debug|Any CPU.ActiveCfg = Debug|Any CPU
		{74E97281-C6CE-4241-A201-F3A8CA566A0E}.Debug|Any CPU.Build.0 = Debug|Any CPU
		{74E97281-C6CE-4241-A201-F3A8CA566A0E}.Release|Any CPU.ActiveCfg = Release|Any CPU
		{74E97281-C6CE-4241-A201-F3A8CA566A0E}.Release|Any CPU.Build.0 = Release|Any CPU
		{0D76D75D-1D22-4F25-9082-A598F9CA6B4F}.Debug|Any CPU.ActiveCfg = Debug|Any CPU
		{0D76D75D-1D22-4F25-9082-A598F9CA6B4F}.Debug|Any CPU.Build.0 = Debug|Any CPU
		{0D76D75D-1D22-4F25-9082-A598F9CA6B4F}.Release|Any CPU.ActiveCfg = Release|Any CPU
		{0D76D75D-1D22-4F25-9082-A598F9CA6B4F}.Release|Any CPU.Build.0 = Release|Any CPU
		{7585CD83-7D6E-4D7E-B0BE-037137EB60DB}.Debug|Any CPU.ActiveCfg = Debug|Any CPU
		{7585CD83-7D6E-4D7E-B0BE-037137EB60DB}.Debug|Any CPU.Build.0 = Debug|Any CPU
		{7585CD83-7D6E-4D7E-B0BE-037137EB60DB}.Release|Any CPU.ActiveCfg = Release|Any CPU
		{7585CD83-7D6E-4D7E-B0BE-037137EB60DB}.Release|Any CPU.Build.0 = Release|Any CPU
	EndGlobalSection
	GlobalSection(SolutionProperties) = preSolution
		HideSolutionNode = FALSE
	EndGlobalSection
	GlobalSection(NestedProjects) = preSolution
		{8AFDCBC0-4DBE-4C72-A059-5CC60381015B} = {17F0A88F-B277-4EC6-9B82-943331DCC804}
		{79520FF1-E06A-4B25-AF57-6EA99C9688AF} = {17F0A88F-B277-4EC6-9B82-943331DCC804}
		{2E4F6DA4-908F-4DD3-85FB-BC5447213594} = {17F0A88F-B277-4EC6-9B82-943331DCC804}
		{8452C024-893A-4876-8EE9-0EED265023B4} = {17F0A88F-B277-4EC6-9B82-943331DCC804}
		{B5934ED9-1AE4-4BFA-9F96-BFA91087CE1C} = {17F0A88F-B277-4EC6-9B82-943331DCC804}
		{2B6EF043-9550-4D9C-A661-89103122E816} = {17F0A88F-B277-4EC6-9B82-943331DCC804}
		{1E4C9604-78EF-4142-95D6-0E54D19E955B} = {17F0A88F-B277-4EC6-9B82-943331DCC804}
		{D4E1E196-880B-4FBE-97BE-C848E3CFBEFC} = {17F0A88F-B277-4EC6-9B82-943331DCC804}
		{53935680-0C8C-4258-BF92-BBBB1C1F21D6} = {8AFDCBC0-4DBE-4C72-A059-5CC60381015B}
		{AE066629-0C8B-4D81-9D33-D567D01D388F} = {8AFDCBC0-4DBE-4C72-A059-5CC60381015B}
		{4F507183-8BEF-44DC-98EC-0EDC1B8280A8} = {8AFDCBC0-4DBE-4C72-A059-5CC60381015B}
		{86A84EC2-6C92-4861-B1D3-07AF0A509AD7} = {79520FF1-E06A-4B25-AF57-6EA99C9688AF}
		{D5D135CA-D5FA-4BFC-A878-FC2370B4541A} = {79520FF1-E06A-4B25-AF57-6EA99C9688AF}
		{7FA69253-E846-4D5B-BCC0-817A21F69327} = {2E4F6DA4-908F-4DD3-85FB-BC5447213594}
		{F692826F-B6F8-4376-8FF2-14C9DE55DC8A} = {8452C024-893A-4876-8EE9-0EED265023B4}
		{4818A76A-D9B2-4109-B731-F2352B654324} = {8452C024-893A-4876-8EE9-0EED265023B4}
		{EF62A907-016C-4888-A273-2C76D0C00012} = {8452C024-893A-4876-8EE9-0EED265023B4}
		{1FA0F83F-22A0-4A04-BFFB-9926FDABDB56} = {B5934ED9-1AE4-4BFA-9F96-BFA91087CE1C}
		{64351756-7532-4402-B882-75AB3309D8C8} = {B5934ED9-1AE4-4BFA-9F96-BFA91087CE1C}
		{C0B6AB15-A9DC-4D6D-848F-EFDD15ECCC7B} = {2B6EF043-9550-4D9C-A661-89103122E816}
		{3D7F33E6-848F-4D6E-8108-ED894219F534} = {2B6EF043-9550-4D9C-A661-89103122E816}
		{461FC508-CBD5-48FD-AEDB-28D667126924} = {1E4C9604-78EF-4142-95D6-0E54D19E955B}
		{4E5EE695-498A-4E5E-A002-91B3B027D667} = {1E4C9604-78EF-4142-95D6-0E54D19E955B}
		{9E561CAC-5E32-4734-B678-16CE057265E1} = {D4E1E196-880B-4FBE-97BE-C848E3CFBEFC}
		{0D76D75D-1D22-4F25-9082-A598F9CA6B4F} = {B5934ED9-1AE4-4BFA-9F96-BFA91087CE1C}
		{7585CD83-7D6E-4D7E-B0BE-037137EB60DB} = {2E4F6DA4-908F-4DD3-85FB-BC5447213594}
		{177A5F2F-A12D-4C55-A06F-70B5C9AF18F7} = {44EA7805-F94D-4681-AE3F-F9C6622DB8CF}
	EndGlobalSection
	GlobalSection(ExtensibilityGlobals) = postSolution
		SolutionGuid = {B151279D-E4E7-4770-96DC-B5BBC39AA6B6}
	EndGlobalSection
EndGlobal
